{
  "name": "stars_emmision",
  "version": "1.0.0",
  "lockfileVersion": 1,
  "requires": true,
  "dependencies": {
    "@o2team/ambient-dat.gui": {
      "version": "0.7.3",
      "resolved": "http://registry.m.jd.com/@o2team/ambient-dat.gui/download/@o2team/ambient-dat.gui-0.7.3.tgz",
      "integrity": "sha1-4Qc9UBBekmdzWTfobj3x8FNtEnc="
    }
  }
}
